<?xml version="1.0" encoding="utf-8"?>
<Project ToolsVersion="4.0" xmlns="http://schemas.microsoft.com/developer/msbuild/2003">
  <ItemGroup>
    <Filter Include="Headers">
      <UniqueIdentifier>{93995380-89BD-4b04-88EB-625FBE52EBFB}</UniqueIdentifier>
      <Extensions>h;hh;hpp;hxx;h++;hm;inl;inc;ipp;xsd</Extensions>
    </Filter>
    <Filter Include="Sources">
      <UniqueIdentifier>{4FC737F1-C7A5-4376-A066-2A32D752A2FF}</UniqueIdentifier>
      <Extensions>cpp;c;cc;cxx;c++;cppm;ixx;def;odl;idl;hpj;bat;asm;asmx</Extensions>
    </Filter>
    <Filter Include="Headers\CD">
      <UniqueIdentifier>{8776f803-37e1-4a9b-82f1-8f4bd7e478b9}</UniqueIdentifier>
    </Filter>
    <Filter Include="Headers\UD">
      <UniqueIdentifier>{a0a8b914-3617-4768-bb4d-0d267a654ec0}</UniqueIdentifier>
    </Filter>
    <Filter Include="Headers\PD">
      <UniqueIdentifier>{c242e3ab-169a-4287-94fe-2b2878574c37}</UniqueIdentifier>
    </Filter>
  </ItemGroup>
  <ItemGroup>
    <ClInclude Include="PS_ControlCode.h">
      <Filter>Headers</Filter>
    </ClInclude>
    <ClInclude Include="PS_Define.h">
      <Filter>Headers</Filter>
    </ClInclude>
    <ClInclude Include="PS_Util.h">
      <Filter>Headers</Filter>
    </ClInclude>
    <ClInclude Include="PS.h">
      <Filter>Headers</Filter>
    </ClInclude>
    <ClInclude Include="PS_DriverDefine.h">
      <Filter>Headers</Filter>
    </ClInclude>
    <ClInclude Include="PS_OutputStruct.h">
      <Filter>Headers</Filter>
    </ClInclude>
    <ClInclude Include="PS_CD_ControlCode.h">
      <Filter>Headers\CD</Filter>
    </ClInclude>
    <ClInclude Include="PS_CD_DriverDefine.h">
      <Filter>Headers\CD</Filter>
    </ClInclude>
    <ClInclude Include="PS_CD_OutputStruct.h">
      <Filter>Headers\CD</Filter>
    </ClInclude>
    <ClInclude Include="PS_InputStruct.h">
      <Filter>Headers</Filter>
    </ClInclude>
    <ClInclude Include="PS_UD_InputStruct.h">
      <Filter>Headers\UD</Filter>
    </ClInclude>
    <ClInclude Include="PS_UD_ControlCode.h">
      <Filter>Headers\UD</Filter>
    </ClInclude>
    <ClInclude Include="PS_UD_DriverDefine.h">
      <Filter>Headers\UD</Filter>
    </ClInclude>
    <ClInclude Include="PS_PD_ControlCode.h">
      <Filter>Headers\PD</Filter>
    </ClInclude>
    <ClInclude Include="PS_PD_DriverDefine.h">
      <Filter>Headers\PD</Filter>
    </ClInclude>
    <ClInclude Include="PS_PD_InputStruct.h">
      <Filter>Headers\PD</Filter>
    </ClInclude>
    <ClInclude Include="PS_PD_OutputStruct.h">
      <Filter>Headers\PD</Filter>
    </ClInclude>
  </ItemGroup>
  <ItemGroup>
    <ClCompile Include="Placeholder.c">
      <Filter>Sources</Filter>
    </ClCompile>
  </ItemGroup>
</Project>