<?xml version="1.0" encoding="utf-8"?>
<Project ToolsVersion="4.0" xmlns="http://schemas.microsoft.com/developer/msbuild/2003">
  <ItemGroup>
    <Filter Include="Forms">
      <UniqueIdentifier>{99349809-55BA-4b9d-BF79-8FDBB0286EB3}</UniqueIdentifier>
      <Extensions>ui</Extensions>
    </Filter>
    <Filter Include="Headers">
      <UniqueIdentifier>{93995380-89BD-4b04-88EB-625FBE52EBFB}</UniqueIdentifier>
      <Extensions>h;hh;hpp;hxx;hm;inl;inc;xsd</Extensions>
    </Filter>
    <Filter Include="Sources">
      <UniqueIdentifier>{4FC737F1-C7A5-4376-A066-2A32D752A2FF}</UniqueIdentifier>
      <Extensions>qml;cpp;c;cc;cxx;def;odl;idl;hpj;bat;asm;asmx</Extensions>
    </Filter>
    <Filter Include="Resources">
      <UniqueIdentifier>{67DA6AB6-F800-4c08-8B7A-83BB121AAD01}</UniqueIdentifier>
      <Extensions>qrc;rc;ico;cur;bmp;dlg;rc2;rct;bin;rgs;gif;jpg;jpeg;jpe;resx;tiff;tif;png;wav;mfcribbon-ms</Extensions>
    </Filter>
    <Filter Include="Translations">
      <UniqueIdentifier>{639EADAA-A684-42e4-A9AD-28FC9BCB8F7C}</UniqueIdentifier>
      <Extensions>ts</Extensions>
    </Filter>
    <Filter Include="Properties">
      <UniqueIdentifier>{f1950c11-f10d-4a9b-b262-1509953927e5}</UniqueIdentifier>
    </Filter>
  </ItemGroup>
  <ItemGroup>
    <ClCompile Include="Main.cpp">
      <Filter>Sources</Filter>
    </ClCompile>
    <ClCompile Include="MainWindow.cpp">
      <Filter>Sources</Filter>
    </ClCompile>
    <ClCompile Include="ProcessDetailWnd.cpp">
      <Filter>Sources</Filter>
    </ClCompile>
    <ClCompile Include="ObjectTypeDetailWnd.cpp">
      <Filter>Sources</Filter>
    </ClCompile>
  </ItemGroup>
  <ItemGroup>
    <QtUic Include="MainWindow.ui">
      <Filter>Forms</Filter>
    </QtUic>
    <QtUic Include="ProcessDetailWnd.ui">
      <Filter>Forms</Filter>
    </QtUic>
    <QtUic Include="ObjectTypeDetailWnd.ui">
      <Filter>Forms</Filter>
    </QtUic>
  </ItemGroup>
  <ItemGroup>
    <QtMoc Include="MainWindow.hpp">
      <Filter>Headers</Filter>
    </QtMoc>
    <QtMoc Include="ProcessDetailWnd.hpp">
      <Filter>Headers</Filter>
    </QtMoc>
    <QtMoc Include="ObjectTypeDetailWnd.hpp">
      <Filter>Headers</Filter>
    </QtMoc>
  </ItemGroup>
  <ItemGroup>
    <None Include="QtBuildTemp.props">
      <Filter>Properties</Filter>
    </None>
    <None Include="VcInstallDir.props">
      <Filter>Properties</Filter>
    </None>
  </ItemGroup>
</Project>